// !$*UTF8*$!
{
	archiveVersion = 1;
	classes = {
	};
	objectVersion = 46;
	objects = {

/* Begin PBXBuildFile section */
		574A848B1BD8B36400B029AF /* CreateAccountViewController.swift in Sources */ = {isa = PBXBuildFile; fileRef = 574A848A1BD8B36400B029AF /* CreateAccountViewController.swift */; settings = {ASSET_TAGS = (); }; };
		574A848D1BD8B3B400B029AF /* SignInViewController.swift in Sources */ = {isa = PBXBuildFile; fileRef = 574A848C1BD8B3B400B029AF /* SignInViewController.swift */; settings = {ASSET_TAGS = (); }; };
		574A848F1BD8C19600B029AF /* SettingsViewController.swift in Sources */ = {isa = PBXBuildFile; fileRef = 574A848E1BD8C19600B029AF /* SettingsViewController.swift */; settings = {ASSET_TAGS = (); }; };
		57B3E3911BDADE68008A017F /* CreateAccountRootViewController.swift in Sources */ = {isa = PBXBuildFile; fileRef = 57B3E3901BDADE68008A017F /* CreateAccountRootViewController.swift */; settings = {ASSET_TAGS = (); }; };
		57B3E3931BDADEC3008A017F /* SignInRootViewController.swift in Sources */ = {isa = PBXBuildFile; fileRef = 57B3E3921BDADEC3008A017F /* SignInRootViewController.swift */; settings = {ASSET_TAGS = (); }; };
		57C3B6D31BD7780500C930C9 /* AppDelegate.swift in Sources */ = {isa = PBXBuildFile; fileRef = 57C3B6D21BD7780500C930C9 /* AppDelegate.swift */; };
		57C3B6D51BD7780500C930C9 /* ViewController.swift in Sources */ = {isa = PBXBuildFile; fileRef = 57C3B6D41BD7780500C930C9 /* ViewController.swift */; };
		57C3B6D81BD7780500C930C9 /* Main.storyboard in Resources */ = {isa = PBXBuildFile; fileRef = 57C3B6D61BD7780500C930C9 /* Main.storyboard */; };
		57C3B6DA1BD7780500C930C9 /* Assets.xcassets in Resources */ = {isa = PBXBuildFile; fileRef = 57C3B6D91BD7780500C930C9 /* Assets.xcassets */; };
		57C3B6DD1BD7780500C930C9 /* LaunchScreen.storyboard in Resources */ = {isa = PBXBuildFile; fileRef = 57C3B6DB1BD7780500C930C9 /* LaunchScreen.storyboard */; };
		57C3B6E81BD7780500C930C9 /* dropboxTests.swift in Sources */ = {isa = PBXBuildFile; fileRef = 57C3B6E71BD7780500C930C9 /* dropboxTests.swift */; };
		57C3B6F31BD7780500C930C9 /* dropboxUITests.swift in Sources */ = {isa = PBXBuildFile; fileRef = 57C3B6F21BD7780500C930C9 /* dropboxUITests.swift */; };
		57DD5BCD1BDCD54A000F8017 /* Settings2ViewController.swift in Sources */ = {isa = PBXBuildFile; fileRef = 57DD5BCC1BDCD54A000F8017 /* Settings2ViewController.swift */; settings = {ASSET_TAGS = (); }; };
		57DD5BCF1BDCD7BB000F8017 /* ExistingPhotosViewController.swift in Sources */ = {isa = PBXBuildFile; fileRef = 57DD5BCE1BDCD7BB000F8017 /* ExistingPhotosViewController.swift */; settings = {ASSET_TAGS = (); }; };
/* End PBXBuildFile section */

/* Begin PBXContainerItemProxy section */
		57C3B6E41BD7780500C930C9 /* PBXContainerItemProxy */ = {
			isa = PBXContainerItemProxy;
			containerPortal = 57C3B6C71BD7780500C930C9 /* Project object */;
			proxyType = 1;
			remoteGlobalIDString = 57C3B6CE1BD7780500C930C9;
			remoteInfo = dropbox;
		};
		57C3B6EF1BD7780500C930C9 /* PBXContainerItemProxy */ = {
			isa = PBXContainerItemProxy;
			containerPortal = 57C3B6C71BD7780500C930C9 /* Project object */;
			proxyType = 1;
			remoteGlobalIDString = 57C3B6CE1BD7780500C930C9;
			remoteInfo = dropbox;
		};
/* End PBXContainerItemProxy section */

/* Begin PBXFileReference section */
		574A848A1BD8B36400B029AF /* CreateAccountViewController.swift */ = {isa = PBXFileReference; fileEncoding = 4; lastKnownFileType = sourcecode.swift; path = CreateAccountViewController.swift; sourceTree = "<group>"; };
		574A848C1BD8B3B400B029AF /* SignInViewController.swift */ = {isa = PBXFileReference; fileEncoding = 4; lastKnownFileType = sourcecode.swift; path = SignInViewController.swift; sourceTree = "<group>"; };
		574A848E1BD8C19600B029AF /* SettingsViewController.swift */ = {isa = PBXFileReference; fileEncoding = 4; lastKnownFileType = sourcecode.swift; path = SettingsViewController.swift; sourceTree = "<group>"; };
		57B3E3901BDADE68008A017F /* CreateAccountRootViewController.swift */ = {isa = PBXFileReference; fileEncoding = 4; lastKnownFileType = sourcecode.swift; path = CreateAccountRootViewController.swift; sourceTree = "<group>"; };
		57B3E3921BDADEC3008A017F /* SignInRootViewController.swift */ = {isa = PBXFileReference; fileEncoding = 4; lastKnownFileType = sourcecode.swift; path = SignInRootViewController.swift; sourceTree = "<group>"; };
		57C3B6CF1BD7780500C930C9 /* dropbox.app */ = {isa = PBXFileReference; explicitFileType = wrapper.application; includeInIndex = 0; path = dropbox.app; sourceTree = BUILT_PRODUCTS_DIR; };
		57C3B6D21BD7780500C930C9 /* AppDelegate.swift */ = {isa = PBXFileReference; lastKnownFileType = sourcecode.swift; path = AppDelegate.swift; sourceTree = "<group>"; };
		57C3B6D41BD7780500C930C9 /* ViewController.swift */ = {isa = PBXFileReference; lastKnownFileType = sourcecode.swift; path = ViewController.swift; sourceTree = "<group>"; };
		57C3B6D71BD7780500C930C9 /* Base */ = {isa = PBXFileReference; lastKnownFileType = file.storyboard; name = Base; path = Base.lproj/Main.storyboard; sourceTree = "<group>"; };
		57C3B6D91BD7780500C930C9 /* Assets.xcassets */ = {isa = PBXFileReference; lastKnownFileType = folder.assetcatalog; path = Assets.xcassets; sourceTree = "<group>"; };
		57C3B6DC1BD7780500C930C9 /* Base */ = {isa = PBXFileReference; lastKnownFileType = file.storyboard; name = Base; path = Base.lproj/LaunchScreen.storyboard; sourceTree = "<group>"; };
		57C3B6DE1BD7780500C930C9 /* Info.plist */ = {isa = PBXFileReference; lastKnownFileType = text.plist.xml; path = Info.plist; sourceTree = "<group>"; };
		57C3B6E31BD7780500C930C9 /* dropboxTests.xctest */ = {isa = PBXFileReference; explicitFileType = wrapper.cfbundle; includeInIndex = 0; path = dropboxTests.xctest; sourceTree = BUILT_PRODUCTS_DIR; };
		57C3B6E71BD7780500C930C9 /* dropboxTests.swift */ = {isa = PBXFileReference; lastKnownFileType = sourcecode.swift; path = dropboxTests.swift; sourceTree = "<group>"; };
		57C3B6E91BD7780500C930C9 /* Info.plist */ = {isa = PBXFileReference; lastKnownFileType = text.plist.xml; path = Info.plist; sourceTree = "<group>"; };
		57C3B6EE1BD7780500C930C9 /* dropboxUITests.xctest */ = {isa = PBXFileReference; explicitFileType = wrapper.cfbundle; includeInIndex = 0; path = dropboxUITests.xctest; sourceTree = BUILT_PRODUCTS_DIR; };
		57C3B6F21BD7780500C930C9 /* dropboxUITests.swift */ = {isa = PBXFileReference; lastKnownFileType = sourcecode.swift; path = dropboxUITests.swift; sourceTree = "<group>"; };
		57C3B6F41BD7780500C930C9 /* Info.plist */ = {isa = PBXFileReference; lastKnownFileType = text.plist.xml; path = Info.plist; sourceTree = "<group>"; };
		57DD5BCC1BDCD54A000F8017 /* Settings2ViewController.swift */ = {isa = PBXFileReference; fileEncoding = 4; lastKnownFileType = sourcecode.swift; path = Settings2ViewController.swift; sourceTree = "<group>"; };
		57DD5BCE1BDCD7BB000F8017 /* ExistingPhotosViewController.swift */ = {isa = PBXFileReference; fileEncoding = 4; lastKnownFileType = sourcecode.swift; path = ExistingPhotosViewController.swift; sourceTree = "<group>"; };
/* End PBXFileReference section */

/* Begin PBXFrameworksBuildPhase section */
		57C3B6CC1BD7780500C930C9 /* Frameworks */ = {
			isa = PBXFrameworksBuildPhase;
			buildActionMask = 2147483647;
			files = (
			);
			runOnlyForDeploymentPostprocessing = 0;
		};
		57C3B6E01BD7780500C930C9 /* Frameworks */ = {
			isa = PBXFrameworksBuildPhase;
			buildActionMask = 2147483647;
			files = (
			);
			runOnlyForDeploymentPostprocessing = 0;
		};
		57C3B6EB1BD7780500C930C9 /* Frameworks */ = {
			isa = PBXFrameworksBuildPhase;
			buildActionMask = 2147483647;
			files = (
			);
			runOnlyForDeploymentPostprocessing = 0;
		};
/* End PBXFrameworksBuildPhase section */

/* Begin PBXGroup section */
		574A84871BD8949B00B029AF /* View Controllers */ = {
			isa = PBXGroup;
			children = (
				57B3E3901BDADE68008A017F /* CreateAccountRootViewController.swift */,
				574A848A1BD8B36400B029AF /* CreateAccountViewController.swift */,
				574A848C1BD8B3B400B029AF /* SignInViewController.swift */,
				57B3E3921BDADEC3008A017F /* SignInRootViewController.swift */,
				574A848E1BD8C19600B029AF /* SettingsViewController.swift */,
				57DD5BCC1BDCD54A000F8017 /* Settings2ViewController.swift */,
				57DD5BCE1BDCD7BB000F8017 /* ExistingPhotosViewController.swift */,
			);
			name = "View Controllers";
			sourceTree = "<group>";
		};
		57C3B6C61BD7780500C930C9 = {
			isa = PBXGroup;
			children = (
				57C3B6D11BD7780500C930C9 /* dropbox */,
				57C3B6E61BD7780500C930C9 /* dropboxTests */,
				57C3B6F11BD7780500C930C9 /* dropboxUITests */,
				57C3B6D01BD7780500C930C9 /* Products */,
			);
			sourceTree = "<group>";
		};
		57C3B6D01BD7780500C930C9 /* Products */ = {
			isa = PBXGroup;
			children = (
				57C3B6CF1BD7780500C930C9 /* dropbox.app */,
				57C3B6E31BD7780500C930C9 /* dropboxTests.xctest */,
				57C3B6EE1BD7780500C930C9 /* dropboxUITests.xctest */,
			);
			name = Products;
			sourceTree = "<group>";
		};
		57C3B6D11BD7780500C930C9 /* dropbox */ = {
			isa = PBXGroup;
			children = (
				574A84871BD8949B00B029AF /* View Controllers */,
				57C3B6D21BD7780500C930C9 /* AppDelegate.swift */,
				57C3B6D41BD7780500C930C9 /* ViewController.swift */,
				57C3B6D61BD7780500C930C9 /* Main.storyboard */,
				57C3B6D91BD7780500C930C9 /* Assets.xcassets */,
				57C3B6DB1BD7780500C930C9 /* LaunchScreen.storyboard */,
				57C3B6DE1BD7780500C930C9 /* Info.plist */,
			);
			path = dropbox;
			sourceTree = "<group>";
		};
		57C3B6E61BD7780500C930C9 /* dropboxTests */ = {
			isa = PBXGroup;
			children = (
				57C3B6E71BD7780500C930C9 /* dropboxTests.swift */,
				57C3B6E91BD7780500C930C9 /* Info.plist */,
			);
			path = dropboxTests;
			sourceTree = "<group>";
		};
		57C3B6F11BD7780500C930C9 /* dropboxUITests */ = {
			isa = PBXGroup;
			children = (
				57C3B6F21BD7780500C930C9 /* dropboxUITests.swift */,
				57C3B6F41BD7780500C930C9 /* Info.plist */,
			);
			path = dropboxUITests;
			sourceTree = "<group>";
		};
/* End PBXGroup section */

/* Begin PBXNativeTarget section */
		57C3B6CE1BD7780500C930C9 /* dropbox */ = {
			isa = PBXNativeTarget;
			buildConfigurationList = 57C3B6F71BD7780500C930C9 /* Build configuration list for PBXNativeTarget "dropbox" */;
			buildPhases = (
				57C3B6CB1BD7780500C930C9 /* Sources */,
				57C3B6CC1BD7780500C930C9 /* Frameworks */,
				57C3B6CD1BD7780500C930C9 /* Resources */,
			);
			buildRules = (
			);
			dependencies = (
			);
			name = dropbox;
			productName = dropbox;
			productReference = 57C3B6CF1BD7780500C930C9 /* dropbox.app */;
			productType = "com.apple.product-type.application";
		};
		57C3B6E21BD7780500C930C9 /* dropboxTests */ = {
			isa = PBXNativeTarget;
			buildConfigurationList = 57C3B6FA1BD7780500C930C9 /* Build configuration list for PBXNativeTarget "dropboxTests" */;
			buildPhases = (
				57C3B6DF1BD7780500C930C9 /* Sources */,
				57C3B6E01BD7780500C930C9 /* Frameworks */,
				57C3B6E11BD7780500C930C9 /* Resources */,
			);
			buildRules = (
			);
			dependencies = (
				57C3B6E51BD7780500C930C9 /* PBXTargetDependency */,
			);
			name = dropboxTests;
			productName = dropboxTests;
			productReference = 57C3B6E31BD7780500C930C9 /* dropboxTests.xctest */;
			productType = "com.apple.product-type.bundle.unit-test";
		};
		57C3B6ED1BD7780500C930C9 /* dropboxUITests */ = {
			isa = PBXNativeTarget;
			buildConfigurationList = 57C3B6FD1BD7780500C930C9 /* Build configuration list for PBXNativeTarget "dropboxUITests" */;
			buildPhases = (
				57C3B6EA1BD7780500C930C9 /* Sources */,
				57C3B6EB1BD7780500C930C9 /* Frameworks */,
				57C3B6EC1BD7780500C930C9 /* Resources */,
			);
			buildRules = (
			);
			dependencies = (
				57C3B6F01BD7780500C930C9 /* PBXTargetDependency */,
			);
			name = dropboxUITests;
			productName = dropboxUITests;
			productReference = 57C3B6EE1BD7780500C930C9 /* dropboxUITests.xctest */;
			productType = "com.apple.product-type.bundle.ui-testing";
		};
/* End PBXNativeTarget section */

/* Begin PBXProject section */
		57C3B6C71BD7780500C930C9 /* Project object */ = {
			isa = PBXProject;
			attributes = {
				LastUpgradeCheck = 0700;
				ORGANIZATIONNAME = "Chelsea Wang";
				TargetAttributes = {
					57C3B6CE1BD7780500C930C9 = {
						CreatedOnToolsVersion = 7.0.1;
					};
					57C3B6E21BD7780500C930C9 = {
						CreatedOnToolsVersion = 7.0.1;
						TestTargetID = 57C3B6CE1BD7780500C930C9;
					};
					57C3B6ED1BD7780500C930C9 = {
						CreatedOnToolsVersion = 7.0.1;
						TestTargetID = 57C3B6CE1BD7780500C930C9;
					};
				};
			};
			buildConfigurationList = 57C3B6CA1BD7780500C930C9 /* Build configuration list for PBXProject "dropbox" */;
			compatibilityVersion = "Xcode 3.2";
			developmentRegion = English;
			hasScannedForEncodings = 0;
			knownRegions = (
				en,
				Base,
			);
			mainGroup = 57C3B6C61BD7780500C930C9;
			productRefGroup = 57C3B6D01BD7780500C930C9 /* Products */;
			projectDirPath = "";
			projectRoot = "";
			targets = (
				57C3B6CE1BD7780500C930C9 /* dropbox */,
				57C3B6E21BD7780500C930C9 /* dropboxTests */,
				57C3B6ED1BD7780500C930C9 /* dropboxUITests */,
			);
		};
/* End PBXProject section */

/* Begin PBXResourcesBuildPhase section */
		57C3B6CD1BD7780500C930C9 /* Resources */ = {
			isa = PBXResourcesBuildPhase;
			buildActionMask = 2147483647;
			files = (
				57C3B6DD1BD7780500C930C9 /* LaunchScreen.storyboard in Resources */,
				57C3B6DA1BD7780500C930C9 /* Assets.xcassets in Resources */,
				57C3B6D81BD7780500C930C9 /* Main.storyboard in Resources */,
			);
			runOnlyForDeploymentPostprocessing = 0;
		};
		57C3B6E11BD7780500C930C9 /* Resources */ = {
			isa = PBXResourcesBuildPhase;
			buildActionMask = 2147483647;
			files = (
			);
			runOnlyForDeploymentPostprocessing = 0;
		};
		57C3B6EC1BD7780500C930C9 /* Resources */ = {
			isa = PBXResourcesBuildPhase;
			buildActionMask = 2147483647;
			files = (
			);
			runOnlyForDeploymentPostprocessing = 0;
		};
/* End PBXResourcesBuildPhase section */

/* Begin PBXSourcesBuildPhase section */
		57C3B6CB1BD7780500C930C9 /* Sources */ = {
			isa = PBXSourcesBuildPhase;
			buildActionMask = 2147483647;
			files = (
				57B3E3911BDADE68008A017F /* CreateAccountRootViewController.swift in Sources */,
				574A848D1BD8B3B400B029AF /* SignInViewController.swift in Sources */,
				57DD5BCD1BDCD54A000F8017 /* Settings2ViewController.swift in Sources */,
				57DD5BCF1BDCD7BB000F8017 /* ExistingPhotosViewController.swift in Sources */,
				57B3E3931BDADEC3008A017F /* SignInRootViewController.swift in Sources */,
				574A848B1BD8B36400B029AF /* CreateAccountViewController.swift in Sources */,
				57C3B6D51BD7780500C930C9 /* ViewController.swift in Sources */,
				574A848F1BD8C19600B029AF /* SettingsViewController.swift in Sources */,
				57C3B6D31BD7780500C930C9 /* AppDelegate.swift in Sources */,
			);
			runOnlyForDeploymentPostprocessing = 0;
		};
		57C3B6DF1BD7780500C930C9 /* Sources */ = {
			isa = PBXSourcesBuildPhase;
			buildActionMask = 2147483647;
			files = (
				57C3B6E81BD7780500C930C9 /* dropboxTests.swift in Sources */,
			);
			runOnlyForDeploymentPostprocessing = 0;
		};
		57C3B6EA1BD7780500C930C9 /* Sources */ = {
			isa = PBXSourcesBuildPhase;
			buildActionMask = 2147483647;
			files = (
				57C3B6F31BD7780500C930C9 /* dropboxUITests.swift in Sources */,
			);
			runOnlyForDeploymentPostprocessing = 0;
		};
/* End PBXSourcesBuildPhase section */

/* Begin PBXTargetDependency section */
		57C3B6E51BD7780500C930C9 /* PBXTargetDependency */ = {
			isa = PBXTargetDependency;
			target = 57C3B6CE1BD7780500C930C9 /* dropbox */;
			targetProxy = 57C3B6E41BD7780500C930C9 /* PBXContainerItemProxy */;
		};
		57C3B6F01BD7780500C930C9 /* PBXTargetDependency */ = {
			isa = PBXTargetDependency;
			target = 57C3B6CE1BD7780500C930C9 /* dropbox */;
			targetProxy = 57C3B6EF1BD7780500C930C9 /* PBXContainerItemProxy */;
		};
/* End PBXTargetDependency section */

/* Begin PBXVariantGroup section */
		57C3B6D61BD7780500C930C9 /* Main.storyboard */ = {
			isa = PBXVariantGroup;
			children = (
				57C3B6D71BD7780500C930C9 /* Base */,
			);
			name = Main.storyboard;
			sourceTree = "<group>";
		};
		57C3B6DB1BD7780500C930C9 /* LaunchScreen.storyboard */ = {
			isa = PBXVariantGroup;
			children = (
				57C3B6DC1BD7780500C930C9 /* Base */,
			);
			name = LaunchScreen.storyboard;
			sourceTree = "<group>";
		};
/* End PBXVariantGroup section */

/* Begin XCBuildConfiguration section */
		57C3B6F51BD7780500C930C9 /* Debug */ = {
			isa = XCBuildConfiguration;
			buildSettings = {
				ALWAYS_SEARCH_USER_PATHS = NO;
				CLANG_CXX_LANGUAGE_STANDARD = "gnu++0x";
				CLANG_CXX_LIBRARY = "libc++";
				CLANG_ENABLE_MODULES = YES;
				CLANG_ENABLE_OBJC_ARC = YES;
				CLANG_WARN_BOOL_CONVERSION = YES;
				CLANG_WARN_CONSTANT_CONVERSION = YES;
				CLANG_WARN_DIRECT_OBJC_ISA_USAGE = YES_ERROR;
				CLANG_WARN_EMPTY_BODY = YES;
				CLANG_WARN_ENUM_CONVERSION = YES;
				CLANG_WARN_INT_CONVERSION = YES;
				CLANG_WARN_OBJC_ROOT_CLASS = YES_ERROR;
				CLANG_WARN_UNREACHABLE_CODE = YES;
				CLANG_WARN__DUPLICATE_METHOD_MATCH = YES;
				"CODE_SIGN_IDENTITY[sdk=iphoneos*]" = "iPhone Developer";
				COPY_PHASE_STRIP = NO;
				DEBUG_INFORMATION_FORMAT = dwarf;
				ENABLE_STRICT_OBJC_MSGSEND = YES;
				ENABLE_TESTABILITY = YES;
				GCC_C_LANGUAGE_STANDARD = gnu99;
				GCC_DYNAMIC_NO_PIC = NO;
				GCC_NO_COMMON_BLOCKS = YES;
				GCC_OPTIMIZATION_LEVEL = 0;
				GCC_PREPROCESSOR_DEFINITIONS = (
					"DEBUG=1",
					"$(inherited)",
				);
				GCC_WARN_64_TO_32_BIT_CONVERSION = YES;
				GCC_WARN_ABOUT_RETURN_TYPE = YES_ERROR;
				GCC_WARN_UNDECLARED_SELECTOR = YES;
				GCC_WARN_UNINITIALIZED_AUTOS = YES_AGGRESSIVE;
				GCC_WARN_UNUSED_FUNCTION = YES;
				GCC_WARN_UNUSED_VARIABLE = YES;
				IPHONEOS_DEPLOYMENT_TARGET = 9.0;
				MTL_ENABLE_DEBUG_INFO = YES;
				ONLY_ACTIVE_ARCH = YES;
				SDKROOT = iphoneos;
				SWIFT_OPTIMIZATION_LEVEL = "-Onone";
			};
			name = Debug;
		};
		57C3B6F61BD7780500C930C9 /* Release */ = {
			isa = XCBuildConfiguration;
			buildSettings = {
				ALWAYS_SEARCH_USER_PATHS = NO;
				CLANG_CXX_LANGUAGE_STANDARD = "gnu++0x";
				CLANG_CXX_LIBRARY = "libc++";
				CLANG_ENABLE_MODULES = YES;
				CLANG_ENABLE_OBJC_ARC = YES;
				CLANG_WARN_BOOL_CONVERSION = YES;
				CLANG_WARN_CONSTANT_CONVERSION = YES;
				CLANG_WARN_DIRECT_OBJC_ISA_USAGE = YES_ERROR;
				CLANG_WARN_EMPTY_BODY = YES;
				CLANG_WARN_ENUM_CONVERSION = YES;
				CLANG_WARN_INT_CONVERSION = YES;
				CLANG_WARN_OBJC_ROOT_CLASS = YES_ERROR;
				CLANG_WARN_UNREACHABLE_CODE = YES;
				CLANG_WARN__DUPLICATE_METHOD_MATCH = YES;
				"CODE_SIGN_IDENTITY[sdk=iphoneos*]" = "iPhone Developer";
				COPY_PHASE_STRIP = NO;
				DEBUG_INFORMATION_FORMAT = "dwarf-with-dsym";
				ENABLE_NS_ASSERTIONS = NO;
				ENABLE_STRICT_OBJC_MSGSEND = YES;
				GCC_C_LANGUAGE_STANDARD = gnu99;
				GCC_NO_COMMON_BLOCKS = YES;
				GCC_WARN_64_TO_32_BIT_CONVERSION = YES;
				GCC_WARN_ABOUT_RETURN_TYPE = YES_ERROR;
				GCC_WARN_UNDECLARED_SELECTOR = YES;
				GCC_WARN_UNINITIALIZED_AUTOS = YES_AGGRESSIVE;
				GCC_WARN_UNUSED_FUNCTION = YES;
				GCC_WARN_UNUSED_VARIABLE = YES;
				IPHONEOS_DEPLOYMENT_TARGET = 9.0;
				MTL_ENABLE_DEBUG_INFO = NO;
				SDKROOT = iphoneos;
				VALIDATE_PRODUCT = YES;
			};
			name = Release;
		};
		57C3B6F81BD7780500C930C9 /* Debug */ = {
			isa = XCBuildConfiguration;
			buildSettings = {
				ASSETCATALOG_COMPILER_APPICON_NAME = AppIcon;
				INFOPLIST_FILE = dropbox/Info.plist;
				LD_RUNPATH_SEARCH_PATHS = "$(inherited) @executable_path/Frameworks";
				PRODUCT_BUNDLE_IDENTIFIER = com.codepath.dropbox;
				PRODUCT_NAME = "$(TARGET_NAME)";
			};
			name = Debug;
		};
		57C3B6F91BD7780500C930C9 /* Release */ = {
			isa = XCBuildConfiguration;
			buildSettings = {
				ASSETCATALOG_COMPILER_APPICON_NAME = AppIcon;
				INFOPLIST_FILE = dropbox/Info.plist;
				LD_RUNPATH_SEARCH_PATHS = "$(inherited) @executable_path/Frameworks";
				PRODUCT_BUNDLE_IDENTIFIER = com.codepath.dropbox;
				PRODUCT_NAME = "$(TARGET_NAME)";
			};
			name = Release;
		};
		57C3B6FB1BD7780500C930C9 /* Debug */ = {
			isa = XCBuildConfiguration;
			buildSettings = {
				BUNDLE_LOADER = "$(TEST_HOST)";
				INFOPLIST_FILE = dropboxTests/Info.plist;
				LD_RUNPATH_SEARCH_PATHS = "$(inherited) @executable_path/Frameworks @loader_path/Frameworks";
				PRODUCT_BUNDLE_IDENTIFIER = com.codepath.dropboxTests;
				PRODUCT_NAME = "$(TARGET_NAME)";
				TEST_HOST = "$(BUILT_PRODUCTS_DIR)/dropbox.app/dropbox";
			};
			name = Debug;
		};
		57C3B6FC1BD7780500C930C9 /* Release */ = {
			isa = XCBuildConfiguration;
			buildSettings = {
				BUNDLE_LOADER = "$(TEST_HOST)";
				INFOPLIST_FILE = dropboxTests/Info.plist;
				LD_RUNPATH_SEARCH_PATHS = "$(inherited) @executable_path/Frameworks @loader_path/Frameworks";
				PRODUCT_BUNDLE_IDENTIFIER = com.codepath.dropboxTests;
				PRODUCT_NAME = "$(TARGET_NAME)";
				TEST_HOST = "$(BUILT_PRODUCTS_DIR)/dropbox.app/dropbox";
			};
			name = Release;
		};
		57C3B6FE1BD7780500C930C9 /* Debug */ = {
			isa = XCBuildConfiguration;
			buildSettings = {
				INFOPLIST_FILE = dropboxUITests/Info.plist;
				LD_RUNPATH_SEARCH_PATHS = "$(inherited) @executable_path/Frameworks @loader_path/Frameworks";
				PRODUCT_BUNDLE_IDENTIFIER = com.codepath.dropboxUITests;
				PRODUCT_NAME = "$(TARGET_NAME)";
				TEST_TARGET_NAME = dropbox;
				USES_XCTRUNNER = YES;
			};
			name = Debug;
		};
		57C3B6FF1BD7780500C930C9 /* Release */ = {
			isa = XCBuildConfiguration;
			buildSettings = {
				INFOPLIST_FILE = dropboxUITests/Info.plist;
				LD_RUNPATH_SEARCH_PATHS = "$(inherited) @executable_path/Frameworks @loader_path/Frameworks";
				PRODUCT_BUNDLE_IDENTIFIER = com.codepath.dropboxUITests;
				PRODUCT_NAME = "$(TARGET_NAME)";
				TEST_TARGET_NAME = dropbox;
				USES_XCTRUNNER = YES;
			};
			name = Release;
		};
/* End XCBuildConfiguration section */

/* Begin XCConfigurationList section */
		57C3B6CA1BD7780500C930C9 /* Build configuration list for PBXProject "dropbox" */ = {
			isa = XCConfigurationList;
			buildConfigurations = (
				57C3B6F51BD7780500C930C9 /* Debug */,
				57C3B6F61BD7780500C930C9 /* Release */,
			);
			defaultConfigurationIsVisible = 0;
			defaultConfigurationName = Release;
		};
		57C3B6F71BD7780500C930C9 /* Build configuration list for PBXNativeTarget "dropbox" */ = {
			isa = XCConfigurationList;
			buildConfigurations = (
				57C3B6F81BD7780500C930C9 /* Debug */,
				57C3B6F91BD7780500C930C9 /* Release */,
			);
			defaultConfigurationIsVisible = 0;
			defaultConfigurationName = Release;
		};
		57C3B6FA1BD7780500C930C9 /* Build configuration list for PBXNativeTarget "dropboxTests" */ = {
			isa = XCConfigurationList;
			buildConfigurations = (
				57C3B6FB1BD7780500C930C9 /* Debug */,
				57C3B6FC1BD7780500C930C9 /* Release */,
			);
			defaultConfigurationIsVisible = 0;
			defaultConfigurationName = Release;
		};
		57C3B6FD1BD7780500C930C9 /* Build configuration list for PBXNativeTarget "dropboxUITests" */ = {
			isa = XCConfigurationList;
			buildConfigurations = (
				57C3B6FE1BD7780500C930C9 /* Debug */,
				57C3B6FF1BD7780500C930C9 /* Release */,
			);
			defaultConfigurationIsVisible = 0;
			defaultConfigurationName = Release;
		};
/* End XCConfigurationList section */
	};
	rootObject = 57C3B6C71BD7780500C930C9 /* Project object */;
}
